
Microsoft Visual Studio Solution File, Format Version 12.00
Project("{FAE04EC0-301F-11D3-BF4B-00C04F79EFBC}") = "LuckMod", "LuckMod.csproj", "{BE051111-9928-450C-A3AE-AF10E2A971C1}"
EndProject
Global
	GlobalSection(SolutionConfigurationPlatforms) = preSolution
		Debug|Any CPU = Debug|Any CPU
		Release|Any CPU = Release|Any CPU
		Release and Copy to Mod Folder|Any CPU = Release and Copy to Mod Folder|Any CPU
	EndGlobalSection
	GlobalSection(ProjectConfigurationPlatforms) = postSolution
		{BE051111-9928-450C-A3AE-AF10E2A971C1}.Debug|Any CPU.ActiveCfg = Debug|Any CPU
		{BE051111-9928-450C-A3AE-AF10E2A971C1}.Debug|Any CPU.Build.0 = Debug|Any CPU
		{BE051111-9928-450C-A3AE-AF10E2A971C1}.Release|Any CPU.ActiveCfg = Release|Any CPU
		{BE051111-9928-450C-A3AE-AF10E2A971C1}.Release|Any CPU.Build.0 = Release|Any CPU
		{BE051111-9928-450C-A3AE-AF10E2A971C1}.Release and Copy to Mod Folder|Any CPU.ActiveCfg = Release and Copy to Mod Folder|Any CPU
		{BE051111-9928-450C-A3AE-AF10E2A971C1}.Release and Copy to Mod Folder|Any CPU.Build.0 = Release and Copy to Mod Folder|Any CPU
	EndGlobalSection
EndGlobal
